
Microsoft Visual Studio Solution File, Format Version 12.00
# Visual Studio Version 16
VisualStudioVersion = 16.0.29102.190
MinimumVisualStudioVersion = 10.0.40219.1
Project("{FAE04EC0-301F-11D3-BF4B-00C04F79EFBC}") = "CSConsoleRL", "CSConsoleRL2\CSConsoleRL.csproj", "{E5226DCD-171B-4633-9BCE-3D56BA47E488}"
EndProject
Project("{FAE04EC0-301F-11D3-BF4B-00C04F79EFBC}") = "CSConsoleRL.Data", "CSConsoleRL.Data2\CSConsoleRL.Data.csproj", "{481203AD-FEFB-4043-9452-438AD5C4BB0C}"
EndProject
Project("{FAE04EC0-301F-11D3-BF4B-00C04F79EFBC}") = "GameTiles", "GameTiles2\GameTiles.csproj", "{1F160FC8-828B-4377-9E0B-63101B42ADF9}"
EndProject
Project("{FAE04EC0-301F-11D3-BF4B-00C04F79EFBC}") = "MapEditor", "MapEditor2\MapEditor.csproj", "{9D7CCC15-14D9-47E4-9779-90BD507156F6}"
EndProject
Project("{FAE04EC0-301F-11D3-BF4B-00C04F79EFBC}") = "Utilities", "Utilities2\Utilities.csproj", "{56EEE6AD-622B-4EC2-A8FE-A8D410D65B6C}"
EndProject
Global
	GlobalSection(SolutionConfigurationPlatforms) = preSolution
		Debug|Any CPU = Debug|Any CPU
		Debug|x64 = Debug|x64
		Release|Any CPU = Release|Any CPU
		Release|x64 = Release|x64
	EndGlobalSection
	GlobalSection(ProjectConfigurationPlatforms) = postSolution
		{E5226DCD-171B-4633-9BCE-3D56BA47E488}.Debug|Any CPU.ActiveCfg = Debug|Any CPU
		{E5226DCD-171B-4633-9BCE-3D56BA47E488}.Debug|Any CPU.Build.0 = Debug|Any CPU
		{E5226DCD-171B-4633-9BCE-3D56BA47E488}.Debug|x64.ActiveCfg = Debug|Any CPU
		{E5226DCD-171B-4633-9BCE-3D56BA47E488}.Debug|x64.Build.0 = Debug|Any CPU
		{E5226DCD-171B-4633-9BCE-3D56BA47E488}.Release|Any CPU.ActiveCfg = Release|Any CPU
		{E5226DCD-171B-4633-9BCE-3D56BA47E488}.Release|Any CPU.Build.0 = Release|Any CPU
		{E5226DCD-171B-4633-9BCE-3D56BA47E488}.Release|x64.ActiveCfg = Release|Any CPU
		{E5226DCD-171B-4633-9BCE-3D56BA47E488}.Release|x64.Build.0 = Release|Any CPU
		{481203AD-FEFB-4043-9452-438AD5C4BB0C}.Debug|Any CPU.ActiveCfg = Debug|Any CPU
		{481203AD-FEFB-4043-9452-438AD5C4BB0C}.Debug|Any CPU.Build.0 = Debug|Any CPU
		{481203AD-FEFB-4043-9452-438AD5C4BB0C}.Debug|x64.ActiveCfg = Debug|Any CPU
		{481203AD-FEFB-4043-9452-438AD5C4BB0C}.Debug|x64.Build.0 = Debug|Any CPU
		{481203AD-FEFB-4043-9452-438AD5C4BB0C}.Release|Any CPU.ActiveCfg = Release|Any CPU
		{481203AD-FEFB-4043-9452-438AD5C4BB0C}.Release|Any CPU.Build.0 = Release|Any CPU
		{481203AD-FEFB-4043-9452-438AD5C4BB0C}.Release|x64.ActiveCfg = Release|Any CPU
		{481203AD-FEFB-4043-9452-438AD5C4BB0C}.Release|x64.Build.0 = Release|Any CPU
		{1F160FC8-828B-4377-9E0B-63101B42ADF9}.Debug|Any CPU.ActiveCfg = Debug|Any CPU
		{1F160FC8-828B-4377-9E0B-63101B42ADF9}.Debug|Any CPU.Build.0 = Debug|Any CPU
		{1F160FC8-828B-4377-9E0B-63101B42ADF9}.Debug|x64.ActiveCfg = Debug|Any CPU
		{1F160FC8-828B-4377-9E0B-63101B42ADF9}.Debug|x64.Build.0 = Debug|Any CPU
		{1F160FC8-828B-4377-9E0B-63101B42ADF9}.Release|Any CPU.ActiveCfg = Release|Any CPU
		{1F160FC8-828B-4377-9E0B-63101B42ADF9}.Release|Any CPU.Build.0 = Release|Any CPU
		{1F160FC8-828B-4377-9E0B-63101B42ADF9}.Release|x64.ActiveCfg = Release|Any CPU
		{1F160FC8-828B-4377-9E0B-63101B42ADF9}.Release|x64.Build.0 = Release|Any CPU
		{9D7CCC15-14D9-47E4-9779-90BD507156F6}.Debug|Any CPU.ActiveCfg = Debug|Any CPU
		{9D7CCC15-14D9-47E4-9779-90BD507156F6}.Debug|Any CPU.Build.0 = Debug|Any CPU
		{9D7CCC15-14D9-47E4-9779-90BD507156F6}.Debug|x64.ActiveCfg = Debug|Any CPU
		{9D7CCC15-14D9-47E4-9779-90BD507156F6}.Debug|x64.Build.0 = Debug|Any CPU
		{9D7CCC15-14D9-47E4-9779-90BD507156F6}.Release|Any CPU.ActiveCfg = Release|Any CPU
		{9D7CCC15-14D9-47E4-9779-90BD507156F6}.Release|Any CPU.Build.0 = Release|Any CPU
		{9D7CCC15-14D9-47E4-9779-90BD507156F6}.Release|x64.ActiveCfg = Release|Any CPU
		{9D7CCC15-14D9-47E4-9779-90BD507156F6}.Release|x64.Build.0 = Release|Any CPU
		{56EEE6AD-622B-4EC2-A8FE-A8D410D65B6C}.Debug|Any CPU.ActiveCfg = Debug|Any CPU
		{56EEE6AD-622B-4EC2-A8FE-A8D410D65B6C}.Debug|Any CPU.Build.0 = Debug|Any CPU
		{56EEE6AD-622B-4EC2-A8FE-A8D410D65B6C}.Debug|x64.ActiveCfg = Debug|Any CPU
		{56EEE6AD-622B-4EC2-A8FE-A8D410D65B6C}.Debug|x64.Build.0 = Debug|Any CPU
		{56EEE6AD-622B-4EC2-A8FE-A8D410D65B6C}.Release|Any CPU.ActiveCfg = Release|Any CPU
		{56EEE6AD-622B-4EC2-A8FE-A8D410D65B6C}.Release|Any CPU.Build.0 = Release|Any CPU
		{56EEE6AD-622B-4EC2-A8FE-A8D410D65B6C}.Release|x64.ActiveCfg = Release|Any CPU
		{56EEE6AD-622B-4EC2-A8FE-A8D410D65B6C}.Release|x64.Build.0 = Release|Any CPU
	EndGlobalSection
	GlobalSection(SolutionProperties) = preSolution
		HideSolutionNode = FALSE
	EndGlobalSection
	GlobalSection(ExtensibilityGlobals) = postSolution
		SolutionGuid = {F71F3FCC-5426-457A-9B6B-6FC99C08F65D}
	EndGlobalSection
EndGlobal
